
Microsoft Visual Studio Solution File, Format Version 12.00
# Visual Studio Version 16
VisualStudioVersion = 16.0.31005.135
MinimumVisualStudioVersion = 10.0.40219.1
Project("{FAE04EC0-301F-11D3-BF4B-00C04F79EFBC}") = "NewWorldFishingHelper", "NewWorldFishingHelper\NewWorldFishingHelper.csproj", "{1DA902FB-5B88-4F54-825F-3C94966D01D6}"
EndProject
Global
	GlobalSection(SolutionConfigurationPlatforms) = preSolution
		Debug|Any CPU = Debug|Any CPU
		Release|Any CPU = Release|Any CPU
	EndGlobalSection
	GlobalSection(ProjectConfigurationPlatforms) = postSolution
		{1DA902FB-5B88-4F54-825F-3C94966D01D6}.Debug|Any CPU.ActiveCfg = Debug|Any CPU
		{1DA902FB-5B88-4F54-825F-3C94966D01D6}.Debug|Any CPU.Build.0 = Debug|Any CPU
		{1DA902FB-5B88-4F54-825F-3C94966D01D6}.Release|Any CPU.ActiveCfg = Release|Any CPU
		{1DA902FB-5B88-4F54-825F-3C94966D01D6}.Release|Any CPU.Build.0 = Release|Any CPU
	EndGlobalSection
	GlobalSection(SolutionProperties) = preSolution
		HideSolutionNode = FALSE
	EndGlobalSection
	GlobalSection(ExtensibilityGlobals) = postSolution
		SolutionGuid = {E4940F2D-B987-4E35-B52C-8EB3DC243BCB}
	EndGlobalSection
EndGlobal
